// !$*UTF8*$!
{
	archiveVersion = 1;
	classes = {
	};
	objectVersion = 51;
	objects = {

/* Begin PBXBuildFile section */
		605AA6E8DBF6A3B15698598D /* Pods_HappyMail_HappyMailUITests.framework in Frameworks */ = {isa = PBXBuildFile; fileRef = FA9130478FA8AF9A01F9C083 /* Pods_HappyMail_HappyMailUITests.framework */; };
		7819E1E07C0893EB1B73F4EB /* Pods_HappyMail.framework in Frameworks */ = {isa = PBXBuildFile; fileRef = 4D219E842B4845819A13D772 /* Pods_HappyMail.framework */; };
		7853005EBA716508FE9906AB /* Pods_HappyMailTests.framework in Frameworks */ = {isa = PBXBuildFile; fileRef = 0805DF7C572A98F56A4F6BC9 /* Pods_HappyMailTests.framework */; };
		D43694C724B4EE4200902846 /* AppDelegate.m in Sources */ = {isa = PBXBuildFile; fileRef = D43694C624B4EE4200902846 /* AppDelegate.m */; };
		D43694CA24B4EE4200902846 /* SceneDelegate.m in Sources */ = {isa = PBXBuildFile; fileRef = D43694C924B4EE4200902846 /* SceneDelegate.m */; };
		D43694CD24B4EE4200902846 /* ViewController.m in Sources */ = {isa = PBXBuildFile; fileRef = D43694CC24B4EE4200902846 /* ViewController.m */; };
		D43694D024B4EE4200902846 /* Main.storyboard in Resources */ = {isa = PBXBuildFile; fileRef = D43694CE24B4EE4200902846 /* Main.storyboard */; };
		D43694D224B4EE4600902846 /* Assets.xcassets in Resources */ = {isa = PBXBuildFile; fileRef = D43694D124B4EE4600902846 /* Assets.xcassets */; };
		D43694D524B4EE4600902846 /* LaunchScreen.storyboard in Resources */ = {isa = PBXBuildFile; fileRef = D43694D324B4EE4600902846 /* LaunchScreen.storyboard */; };
		D43694D824B4EE4600902846 /* main.m in Sources */ = {isa = PBXBuildFile; fileRef = D43694D724B4EE4600902846 /* main.m */; };
		D43694E224B4EE4600902846 /* HappyMailTests.m in Sources */ = {isa = PBXBuildFile; fileRef = D43694E124B4EE4600902846 /* HappyMailTests.m */; };
		D43694ED24B4EE4600902846 /* HappyMailUITests.m in Sources */ = {isa = PBXBuildFile; fileRef = D43694EC24B4EE4600902846 /* HappyMailUITests.m */; };
		D47E36F224BCD367009B3BCE /* Post.m in Sources */ = {isa = PBXBuildFile; fileRef = D47E36F124BCD367009B3BCE /* Post.m */; };
/* End PBXBuildFile section */

/* Begin PBXContainerItemProxy section */
		D43694DE24B4EE4600902846 /* PBXContainerItemProxy */ = {
			isa = PBXContainerItemProxy;
			containerPortal = D43694BA24B4EE4200902846 /* Project object */;
			proxyType = 1;
			remoteGlobalIDString = D43694C124B4EE4200902846;
			remoteInfo = HappyMail;
		};
		D43694E924B4EE4600902846 /* PBXContainerItemProxy */ = {
			isa = PBXContainerItemProxy;
			containerPortal = D43694BA24B4EE4200902846 /* Project object */;
			proxyType = 1;
			remoteGlobalIDString = D43694C124B4EE4200902846;
			remoteInfo = HappyMail;
		};
/* End PBXContainerItemProxy section */

/* Begin PBXFileReference section */
		0805DF7C572A98F56A4F6BC9 /* Pods_HappyMailTests.framework */ = {isa = PBXFileReference; explicitFileType = wrapper.framework; includeInIndex = 0; path = Pods_HappyMailTests.framework; sourceTree = BUILT_PRODUCTS_DIR; };
		21B69FED802B0E9F3DC3F1CE /* Pods-HappyMailTests.debug.xcconfig */ = {isa = PBXFileReference; includeInIndex = 1; lastKnownFileType = text.xcconfig; name = "Pods-HappyMailTests.debug.xcconfig"; path = "Target Support Files/Pods-HappyMailTests/Pods-HappyMailTests.debug.xcconfig"; sourceTree = "<group>"; };
		4D219E842B4845819A13D772 /* Pods_HappyMail.framework */ = {isa = PBXFileReference; explicitFileType = wrapper.framework; includeInIndex = 0; path = Pods_HappyMail.framework; sourceTree = BUILT_PRODUCTS_DIR; };
		67962D09FD78B0D42A5CB34B /* Pods-HappyMail.release.xcconfig */ = {isa = PBXFileReference; includeInIndex = 1; lastKnownFileType = text.xcconfig; name = "Pods-HappyMail.release.xcconfig"; path = "Target Support Files/Pods-HappyMail/Pods-HappyMail.release.xcconfig"; sourceTree = "<group>"; };
		A9D2A1CFE27FBDBFC4017B38 /* Pods-HappyMail-HappyMailUITests.debug.xcconfig */ = {isa = PBXFileReference; includeInIndex = 1; lastKnownFileType = text.xcconfig; name = "Pods-HappyMail-HappyMailUITests.debug.xcconfig"; path = "Target Support Files/Pods-HappyMail-HappyMailUITests/Pods-HappyMail-HappyMailUITests.debug.xcconfig"; sourceTree = "<group>"; };
		AB42FB979C7C007EBCD14B71 /* Pods-HappyMailTests.release.xcconfig */ = {isa = PBXFileReference; includeInIndex = 1; lastKnownFileType = text.xcconfig; name = "Pods-HappyMailTests.release.xcconfig"; path = "Target Support Files/Pods-HappyMailTests/Pods-HappyMailTests.release.xcconfig"; sourceTree = "<group>"; };
		B54D68FD9633CEFCEB33D2F7 /* Pods-HappyMail.debug.xcconfig */ = {isa = PBXFileReference; includeInIndex = 1; lastKnownFileType = text.xcconfig; name = "Pods-HappyMail.debug.xcconfig"; path = "Target Support Files/Pods-HappyMail/Pods-HappyMail.debug.xcconfig"; sourceTree = "<group>"; };
		D43694C224B4EE4200902846 /* HappyMail.app */ = {isa = PBXFileReference; explicitFileType = wrapper.application; includeInIndex = 0; path = HappyMail.app; sourceTree = BUILT_PRODUCTS_DIR; };
		D43694C524B4EE4200902846 /* AppDelegate.h */ = {isa = PBXFileReference; lastKnownFileType = sourcecode.c.h; path = AppDelegate.h; sourceTree = "<group>"; };
		D43694C624B4EE4200902846 /* AppDelegate.m */ = {isa = PBXFileReference; lastKnownFileType = sourcecode.c.objc; path = AppDelegate.m; sourceTree = "<group>"; };
		D43694C824B4EE4200902846 /* SceneDelegate.h */ = {isa = PBXFileReference; lastKnownFileType = sourcecode.c.h; path = SceneDelegate.h; sourceTree = "<group>"; };
		D43694C924B4EE4200902846 /* SceneDelegate.m */ = {isa = PBXFileReference; lastKnownFileType = sourcecode.c.objc; path = SceneDelegate.m; sourceTree = "<group>"; };
		D43694CB24B4EE4200902846 /* ViewController.h */ = {isa = PBXFileReference; lastKnownFileType = sourcecode.c.h; path = ViewController.h; sourceTree = "<group>"; };
		D43694CC24B4EE4200902846 /* ViewController.m */ = {isa = PBXFileReference; lastKnownFileType = sourcecode.c.objc; path = ViewController.m; sourceTree = "<group>"; };
		D43694CF24B4EE4200902846 /* Base */ = {isa = PBXFileReference; lastKnownFileType = file.storyboard; name = Base; path = Base.lproj/Main.storyboard; sourceTree = "<group>"; };
		D43694D124B4EE4600902846 /* Assets.xcassets */ = {isa = PBXFileReference; lastKnownFileType = folder.assetcatalog; path = Assets.xcassets; sourceTree = "<group>"; };
		D43694D424B4EE4600902846 /* Base */ = {isa = PBXFileReference; lastKnownFileType = file.storyboard; name = Base; path = Base.lproj/LaunchScreen.storyboard; sourceTree = "<group>"; };
		D43694D624B4EE4600902846 /* Info.plist */ = {isa = PBXFileReference; lastKnownFileType = text.plist.xml; path = Info.plist; sourceTree = "<group>"; };
		D43694D724B4EE4600902846 /* main.m */ = {isa = PBXFileReference; lastKnownFileType = sourcecode.c.objc; path = main.m; sourceTree = "<group>"; };
		D43694DD24B4EE4600902846 /* HappyMailTests.xctest */ = {isa = PBXFileReference; explicitFileType = wrapper.cfbundle; includeInIndex = 0; path = HappyMailTests.xctest; sourceTree = BUILT_PRODUCTS_DIR; };
		D43694E124B4EE4600902846 /* HappyMailTests.m */ = {isa = PBXFileReference; lastKnownFileType = sourcecode.c.objc; path = HappyMailTests.m; sourceTree = "<group>"; };
		D43694E324B4EE4600902846 /* Info.plist */ = {isa = PBXFileReference; lastKnownFileType = text.plist.xml; path = Info.plist; sourceTree = "<group>"; };
		D43694E824B4EE4600902846 /* HappyMailUITests.xctest */ = {isa = PBXFileReference; explicitFileType = wrapper.cfbundle; includeInIndex = 0; path = HappyMailUITests.xctest; sourceTree = BUILT_PRODUCTS_DIR; };
		D43694EC24B4EE4600902846 /* HappyMailUITests.m */ = {isa = PBXFileReference; lastKnownFileType = sourcecode.c.objc; path = HappyMailUITests.m; sourceTree = "<group>"; };
		D43694EE24B4EE4600902846 /* Info.plist */ = {isa = PBXFileReference; lastKnownFileType = text.plist.xml; path = Info.plist; sourceTree = "<group>"; };
		D47E36F024BCD367009B3BCE /* Post.h */ = {isa = PBXFileReference; lastKnownFileType = sourcecode.c.h; path = Post.h; sourceTree = "<group>"; };
		D47E36F124BCD367009B3BCE /* Post.m */ = {isa = PBXFileReference; lastKnownFileType = sourcecode.c.objc; path = Post.m; sourceTree = "<group>"; };
		D8244E430033D6A013A9F893 /* Pods-HappyMail-HappyMailUITests.release.xcconfig */ = {isa = PBXFileReference; includeInIndex = 1; lastKnownFileType = text.xcconfig; name = "Pods-HappyMail-HappyMailUITests.release.xcconfig"; path = "Target Support Files/Pods-HappyMail-HappyMailUITests/Pods-HappyMail-HappyMailUITests.release.xcconfig"; sourceTree = "<group>"; };
		FA9130478FA8AF9A01F9C083 /* Pods_HappyMail_HappyMailUITests.framework */ = {isa = PBXFileReference; explicitFileType = wrapper.framework; includeInIndex = 0; path = Pods_HappyMail_HappyMailUITests.framework; sourceTree = BUILT_PRODUCTS_DIR; };
/* End PBXFileReference section */

/* Begin PBXFrameworksBuildPhase section */
		D43694BF24B4EE4200902846 /* Frameworks */ = {
			isa = PBXFrameworksBuildPhase;
			buildActionMask = 2147483647;
			files = (
				7819E1E07C0893EB1B73F4EB /* Pods_HappyMail.framework in Frameworks */,
			);
			runOnlyForDeploymentPostprocessing = 0;
		};
		D43694DA24B4EE4600902846 /* Frameworks */ = {
			isa = PBXFrameworksBuildPhase;
			buildActionMask = 2147483647;
			files = (
				7853005EBA716508FE9906AB /* Pods_HappyMailTests.framework in Frameworks */,
			);
			runOnlyForDeploymentPostprocessing = 0;
		};
		D43694E524B4EE4600902846 /* Frameworks */ = {
			isa = PBXFrameworksBuildPhase;
			buildActionMask = 2147483647;
			files = (
				605AA6E8DBF6A3B15698598D /* Pods_HappyMail_HappyMailUITests.framework in Frameworks */,
			);
			runOnlyForDeploymentPostprocessing = 0;
		};
/* End PBXFrameworksBuildPhase section */

/* Begin PBXGroup section */
		2EB8A85C491660A0595EEC62 /* Frameworks */ = {
			isa = PBXGroup;
			children = (
				4D219E842B4845819A13D772 /* Pods_HappyMail.framework */,
				FA9130478FA8AF9A01F9C083 /* Pods_HappyMail_HappyMailUITests.framework */,
				0805DF7C572A98F56A4F6BC9 /* Pods_HappyMailTests.framework */,
			);
			name = Frameworks;
			sourceTree = "<group>";
		};
		6F7B73EF12D3FF2640D67F7D /* Pods */ = {
			isa = PBXGroup;
			children = (
				B54D68FD9633CEFCEB33D2F7 /* Pods-HappyMail.debug.xcconfig */,
				67962D09FD78B0D42A5CB34B /* Pods-HappyMail.release.xcconfig */,
				A9D2A1CFE27FBDBFC4017B38 /* Pods-HappyMail-HappyMailUITests.debug.xcconfig */,
				D8244E430033D6A013A9F893 /* Pods-HappyMail-HappyMailUITests.release.xcconfig */,
				21B69FED802B0E9F3DC3F1CE /* Pods-HappyMailTests.debug.xcconfig */,
				AB42FB979C7C007EBCD14B71 /* Pods-HappyMailTests.release.xcconfig */,
			);
			path = Pods;
			sourceTree = "<group>";
		};
		D43694B924B4EE4200902846 = {
			isa = PBXGroup;
			children = (
				D43694C424B4EE4200902846 /* HappyMail */,
				D43694E024B4EE4600902846 /* HappyMailTests */,
				D43694EB24B4EE4600902846 /* HappyMailUITests */,
				D43694C324B4EE4200902846 /* Products */,
				6F7B73EF12D3FF2640D67F7D /* Pods */,
				2EB8A85C491660A0595EEC62 /* Frameworks */,
			);
			sourceTree = "<group>";
		};
		D43694C324B4EE4200902846 /* Products */ = {
			isa = PBXGroup;
			children = (
				D43694C224B4EE4200902846 /* HappyMail.app */,
				D43694DD24B4EE4600902846 /* HappyMailTests.xctest */,
				D43694E824B4EE4600902846 /* HappyMailUITests.xctest */,
			);
			name = Products;
			sourceTree = "<group>";
		};
		D43694C424B4EE4200902846 /* HappyMail */ = {
			isa = PBXGroup;
			children = (
				D47E36ED24BCD30E009B3BCE /* Models */,
				D47E36EF24BCD328009B3BCE /* Views */,
				D47E36EE24BCD322009B3BCE /* View Controllers */,
				D43694C524B4EE4200902846 /* AppDelegate.h */,
				D43694C624B4EE4200902846 /* AppDelegate.m */,
				D43694C824B4EE4200902846 /* SceneDelegate.h */,
				D43694C924B4EE4200902846 /* SceneDelegate.m */,
				D43694CB24B4EE4200902846 /* ViewController.h */,
				D43694CC24B4EE4200902846 /* ViewController.m */,
				D43694CE24B4EE4200902846 /* Main.storyboard */,
				D43694D124B4EE4600902846 /* Assets.xcassets */,
				D43694D324B4EE4600902846 /* LaunchScreen.storyboard */,
				D43694D624B4EE4600902846 /* Info.plist */,
				D43694D724B4EE4600902846 /* main.m */,
			);
			path = HappyMail;
			sourceTree = "<group>";
		};
		D43694E024B4EE4600902846 /* HappyMailTests */ = {
			isa = PBXGroup;
			children = (
				D43694E124B4EE4600902846 /* HappyMailTests.m */,
				D43694E324B4EE4600902846 /* Info.plist */,
			);
			path = HappyMailTests;
			sourceTree = "<group>";
		};
		D43694EB24B4EE4600902846 /* HappyMailUITests */ = {
			isa = PBXGroup;
			children = (
				D43694EC24B4EE4600902846 /* HappyMailUITests.m */,
				D43694EE24B4EE4600902846 /* Info.plist */,
			);
			path = HappyMailUITests;
			sourceTree = "<group>";
		};
		D47E36ED24BCD30E009B3BCE /* Models */ = {
			isa = PBXGroup;
			children = (
				D47E36F024BCD367009B3BCE /* Post.h */,
				D47E36F124BCD367009B3BCE /* Post.m */,
			);
			path = Models;
			sourceTree = "<group>";
		};
		D47E36EE24BCD322009B3BCE /* View Controllers */ = {
			isa = PBXGroup;
			children = (
			);
			path = "View Controllers";
			sourceTree = "<group>";
		};
		D47E36EF24BCD328009B3BCE /* Views */ = {
			isa = PBXGroup;
			children = (
			);
			path = Views;
			sourceTree = "<group>";
		};
/* End PBXGroup section */

/* Begin PBXNativeTarget section */
		D43694C124B4EE4200902846 /* HappyMail */ = {
			isa = PBXNativeTarget;
			buildConfigurationList = D43694F124B4EE4600902846 /* Build configuration list for PBXNativeTarget "HappyMail" */;
			buildPhases = (
				177B8C2CF7CD56CD03D03ADB /* [CP] Check Pods Manifest.lock */,
				D43694BE24B4EE4200902846 /* Sources */,
				D43694BF24B4EE4200902846 /* Frameworks */,
				D43694C024B4EE4200902846 /* Resources */,
				287B3AA9D02E6938AD005A4C /* [CP] Embed Pods Frameworks */,
			);
			buildRules = (
			);
			dependencies = (
			);
			name = HappyMail;
			productName = HappyMail;
			productReference = D43694C224B4EE4200902846 /* HappyMail.app */;
			productType = "com.apple.product-type.application";
		};
		D43694DC24B4EE4600902846 /* HappyMailTests */ = {
			isa = PBXNativeTarget;
			buildConfigurationList = D43694F424B4EE4600902846 /* Build configuration list for PBXNativeTarget "HappyMailTests" */;
			buildPhases = (
				6ABEACBCCEE014904070CC33 /* [CP] Check Pods Manifest.lock */,
				D43694D924B4EE4600902846 /* Sources */,
				D43694DA24B4EE4600902846 /* Frameworks */,
				D43694DB24B4EE4600902846 /* Resources */,
			);
			buildRules = (
			);
			dependencies = (
				D43694DF24B4EE4600902846 /* PBXTargetDependency */,
			);
			name = HappyMailTests;
			productName = HappyMailTests;
			productReference = D43694DD24B4EE4600902846 /* HappyMailTests.xctest */;
			productType = "com.apple.product-type.bundle.unit-test";
		};
		D43694E724B4EE4600902846 /* HappyMailUITests */ = {
			isa = PBXNativeTarget;
			buildConfigurationList = D43694F724B4EE4600902846 /* Build configuration list for PBXNativeTarget "HappyMailUITests" */;
			buildPhases = (
				FB9143E448E6E197D3D22E70 /* [CP] Check Pods Manifest.lock */,
				D43694E424B4EE4600902846 /* Sources */,
				D43694E524B4EE4600902846 /* Frameworks */,
				D43694E624B4EE4600902846 /* Resources */,
				A7F08A9B44076D0328F3B8F8 /* [CP] Embed Pods Frameworks */,
			);
			buildRules = (
			);
			dependencies = (
				D43694EA24B4EE4600902846 /* PBXTargetDependency */,
			);
			name = HappyMailUITests;
			productName = HappyMailUITests;
			productReference = D43694E824B4EE4600902846 /* HappyMailUITests.xctest */;
			productType = "com.apple.product-type.bundle.ui-testing";
		};
/* End PBXNativeTarget section */

/* Begin PBXProject section */
		D43694BA24B4EE4200902846 /* Project object */ = {
			isa = PBXProject;
			attributes = {
				LastUpgradeCheck = 1150;
				ORGANIZATIONNAME = mercycat;
				TargetAttributes = {
					D43694C124B4EE4200902846 = {
						CreatedOnToolsVersion = 11.5;
					};
					D43694DC24B4EE4600902846 = {
						CreatedOnToolsVersion = 11.5;
						TestTargetID = D43694C124B4EE4200902846;
					};
					D43694E724B4EE4600902846 = {
						CreatedOnToolsVersion = 11.5;
						TestTargetID = D43694C124B4EE4200902846;
					};
				};
			};
			buildConfigurationList = D43694BD24B4EE4200902846 /* Build configuration list for PBXProject "HappyMail" */;
			compatibilityVersion = "Xcode 9.3";
			developmentRegion = en;
			hasScannedForEncodings = 0;
			knownRegions = (
				en,
				Base,
			);
			mainGroup = D43694B924B4EE4200902846;
			productRefGroup = D43694C324B4EE4200902846 /* Products */;
			projectDirPath = "";
			projectRoot = "";
			targets = (
				D43694C124B4EE4200902846 /* HappyMail */,
				D43694DC24B4EE4600902846 /* HappyMailTests */,
				D43694E724B4EE4600902846 /* HappyMailUITests */,
			);
		};
/* End PBXProject section */

/* Begin PBXResourcesBuildPhase section */
		D43694C024B4EE4200902846 /* Resources */ = {
			isa = PBXResourcesBuildPhase;
			buildActionMask = 2147483647;
			files = (
				D43694D524B4EE4600902846 /* LaunchScreen.storyboard in Resources */,
				D43694D224B4EE4600902846 /* Assets.xcassets in Resources */,
				D43694D024B4EE4200902846 /* Main.storyboard in Resources */,
			);
			runOnlyForDeploymentPostprocessing = 0;
		};
		D43694DB24B4EE4600902846 /* Resources */ = {
			isa = PBXResourcesBuildPhase;
			buildActionMask = 2147483647;
			files = (
			);
			runOnlyForDeploymentPostprocessing = 0;
		};
		D43694E624B4EE4600902846 /* Resources */ = {
			isa = PBXResourcesBuildPhase;
			buildActionMask = 2147483647;
			files = (
			);
			runOnlyForDeploymentPostprocessing = 0;
		};
/* End PBXResourcesBuildPhase section */

/* Begin PBXShellScriptBuildPhase section */
		177B8C2CF7CD56CD03D03ADB /* [CP] Check Pods Manifest.lock */ = {
			isa = PBXShellScriptBuildPhase;
			buildActionMask = 2147483647;
			files = (
			);
			inputFileListPaths = (
			);
			inputPaths = (
				"${PODS_PODFILE_DIR_PATH}/Podfile.lock",
				"${PODS_ROOT}/Manifest.lock",
			);
			name = "[CP] Check Pods Manifest.lock";
			outputFileListPaths = (
			);
			outputPaths = (
				"$(DERIVED_FILE_DIR)/Pods-HappyMail-checkManifestLockResult.txt",
			);
			runOnlyForDeploymentPostprocessing = 0;
			shellPath = /bin/sh;
			shellScript = "diff \"${PODS_PODFILE_DIR_PATH}/Podfile.lock\" \"${PODS_ROOT}/Manifest.lock\" > /dev/null\nif [ $? != 0 ] ; then\n    # print error to STDERR\n    echo \"error: The sandbox is not in sync with the Podfile.lock. Run 'pod install' or update your CocoaPods installation.\" >&2\n    exit 1\nfi\n# This output is used by Xcode 'outputs' to avoid re-running this script phase.\necho \"SUCCESS\" > \"${SCRIPT_OUTPUT_FILE_0}\"\n";
			showEnvVarsInLog = 0;
		};
		287B3AA9D02E6938AD005A4C /* [CP] Embed Pods Frameworks */ = {
			isa = PBXShellScriptBuildPhase;
			buildActionMask = 2147483647;
			files = (
			);
			inputFileListPaths = (
				"${PODS_ROOT}/Target Support Files/Pods-HappyMail/Pods-HappyMail-frameworks-${CONFIGURATION}-input-files.xcfilelist",
			);
			name = "[CP] Embed Pods Frameworks";
			outputFileListPaths = (
				"${PODS_ROOT}/Target Support Files/Pods-HappyMail/Pods-HappyMail-frameworks-${CONFIGURATION}-output-files.xcfilelist",
			);
			runOnlyForDeploymentPostprocessing = 0;
			shellPath = /bin/sh;
			shellScript = "\"${PODS_ROOT}/Target Support Files/Pods-HappyMail/Pods-HappyMail-frameworks.sh\"\n";
			showEnvVarsInLog = 0;
		};
		6ABEACBCCEE014904070CC33 /* [CP] Check Pods Manifest.lock */ = {
			isa = PBXShellScriptBuildPhase;
			buildActionMask = 2147483647;
			files = (
			);
			inputFileListPaths = (
			);
			inputPaths = (
				"${PODS_PODFILE_DIR_PATH}/Podfile.lock",
				"${PODS_ROOT}/Manifest.lock",
			);
			name = "[CP] Check Pods Manifest.lock";
			outputFileListPaths = (
			);
			outputPaths = (
				"$(DERIVED_FILE_DIR)/Pods-HappyMailTests-checkManifestLockResult.txt",
			);
			runOnlyForDeploymentPostprocessing = 0;
			shellPath = /bin/sh;
			shellScript = "diff \"${PODS_PODFILE_DIR_PATH}/Podfile.lock\" \"${PODS_ROOT}/Manifest.lock\" > /dev/null\nif [ $? != 0 ] ; then\n    # print error to STDERR\n    echo \"error: The sandbox is not in sync with the Podfile.lock. Run 'pod install' or update your CocoaPods installation.\" >&2\n    exit 1\nfi\n# This output is used by Xcode 'outputs' to avoid re-running this script phase.\necho \"SUCCESS\" > \"${SCRIPT_OUTPUT_FILE_0}\"\n";
			showEnvVarsInLog = 0;
		};
		A7F08A9B44076D0328F3B8F8 /* [CP] Embed Pods Frameworks */ = {
			isa = PBXShellScriptBuildPhase;
			buildActionMask = 2147483647;
			files = (
			);
			inputFileListPaths = (
				"${PODS_ROOT}/Target Support Files/Pods-HappyMail-HappyMailUITests/Pods-HappyMail-HappyMailUITests-frameworks-${CONFIGURATION}-input-files.xcfilelist",
			);
			name = "[CP] Embed Pods Frameworks";
			outputFileListPaths = (
				"${PODS_ROOT}/Target Support Files/Pods-HappyMail-HappyMailUITests/Pods-HappyMail-HappyMailUITests-frameworks-${CONFIGURATION}-output-files.xcfilelist",
			);
			runOnlyForDeploymentPostprocessing = 0;
			shellPath = /bin/sh;
			shellScript = "\"${PODS_ROOT}/Target Support Files/Pods-HappyMail-HappyMailUITests/Pods-HappyMail-HappyMailUITests-frameworks.sh\"\n";
			showEnvVarsInLog = 0;
		};
		FB9143E448E6E197D3D22E70 /* [CP] Check Pods Manifest.lock */ = {
			isa = PBXShellScriptBuildPhase;
			buildActionMask = 2147483647;
			files = (
			);
			inputFileListPaths = (
			);
			inputPaths = (
				"${PODS_PODFILE_DIR_PATH}/Podfile.lock",
				"${PODS_ROOT}/Manifest.lock",
			);
			name = "[CP] Check Pods Manifest.lock";
			outputFileListPaths = (
			);
			outputPaths = (
				"$(DERIVED_FILE_DIR)/Pods-HappyMail-HappyMailUITests-checkManifestLockResult.txt",
			);
			runOnlyForDeploymentPostprocessing = 0;
			shellPath = /bin/sh;
			shellScript = "diff \"${PODS_PODFILE_DIR_PATH}/Podfile.lock\" \"${PODS_ROOT}/Manifest.lock\" > /dev/null\nif [ $? != 0 ] ; then\n    # print error to STDERR\n    echo \"error: The sandbox is not in sync with the Podfile.lock. Run 'pod install' or update your CocoaPods installation.\" >&2\n    exit 1\nfi\n# This output is used by Xcode 'outputs' to avoid re-running this script phase.\necho \"SUCCESS\" > \"${SCRIPT_OUTPUT_FILE_0}\"\n";
			showEnvVarsInLog = 0;
		};
/* End PBXShellScriptBuildPhase section */

/* Begin PBXSourcesBuildPhase section */
		D43694BE24B4EE4200902846 /* Sources */ = {
			isa = PBXSourcesBuildPhase;
			buildActionMask = 2147483647;
			files = (
				D47E36F224BCD367009B3BCE /* Post.m in Sources */,
				D43694CD24B4EE4200902846 /* ViewController.m in Sources */,
				D43694C724B4EE4200902846 /* AppDelegate.m in Sources */,
				D43694D824B4EE4600902846 /* main.m in Sources */,
				D43694CA24B4EE4200902846 /* SceneDelegate.m in Sources */,
			);
			runOnlyForDeploymentPostprocessing = 0;
		};
		D43694D924B4EE4600902846 /* Sources */ = {
			isa = PBXSourcesBuildPhase;
			buildActionMask = 2147483647;
			files = (
				D43694E224B4EE4600902846 /* HappyMailTests.m in Sources */,
			);
			runOnlyForDeploymentPostprocessing = 0;
		};
		D43694E424B4EE4600902846 /* Sources */ = {
			isa = PBXSourcesBuildPhase;
			buildActionMask = 2147483647;
			files = (
				D43694ED24B4EE4600902846 /* HappyMailUITests.m in Sources */,
			);
			runOnlyForDeploymentPostprocessing = 0;
		};
/* End PBXSourcesBuildPhase section */

/* Begin PBXTargetDependency section */
		D43694DF24B4EE4600902846 /* PBXTargetDependency */ = {
			isa = PBXTargetDependency;
			target = D43694C124B4EE4200902846 /* HappyMail */;
			targetProxy = D43694DE24B4EE4600902846 /* PBXContainerItemProxy */;
		};
		D43694EA24B4EE4600902846 /* PBXTargetDependency */ = {
			isa = PBXTargetDependency;
			target = D43694C124B4EE4200902846 /* HappyMail */;
			targetProxy = D43694E924B4EE4600902846 /* PBXContainerItemProxy */;
		};
/* End PBXTargetDependency section */

/* Begin PBXVariantGroup section */
		D43694CE24B4EE4200902846 /* Main.storyboard */ = {
			isa = PBXVariantGroup;
			children = (
				D43694CF24B4EE4200902846 /* Base */,
			);
			name = Main.storyboard;
			sourceTree = "<group>";
		};
		D43694D324B4EE4600902846 /* LaunchScreen.storyboard */ = {
			isa = PBXVariantGroup;
			children = (
				D43694D424B4EE4600902846 /* Base */,
			);
			name = LaunchScreen.storyboard;
			sourceTree = "<group>";
		};
/* End PBXVariantGroup section */

/* Begin XCBuildConfiguration section */
		D43694EF24B4EE4600902846 /* Debug */ = {
			isa = XCBuildConfiguration;
			buildSettings = {
				ALWAYS_SEARCH_USER_PATHS = NO;
				CLANG_ANALYZER_NONNULL = YES;
				CLANG_ANALYZER_NUMBER_OBJECT_CONVERSION = YES_AGGRESSIVE;
				CLANG_CXX_LANGUAGE_STANDARD = "gnu++14";
				CLANG_CXX_LIBRARY = "libc++";
				CLANG_ENABLE_MODULES = YES;
				CLANG_ENABLE_OBJC_ARC = YES;
				CLANG_ENABLE_OBJC_WEAK = YES;
				CLANG_WARN_BLOCK_CAPTURE_AUTORELEASING = YES;
				CLANG_WARN_BOOL_CONVERSION = YES;
				CLANG_WARN_COMMA = YES;
				CLANG_WARN_CONSTANT_CONVERSION = YES;
				CLANG_WARN_DEPRECATED_OBJC_IMPLEMENTATIONS = YES;
				CLANG_WARN_DIRECT_OBJC_ISA_USAGE = YES_ERROR;
				CLANG_WARN_DOCUMENTATION_COMMENTS = YES;
				CLANG_WARN_EMPTY_BODY = YES;
				CLANG_WARN_ENUM_CONVERSION = YES;
				CLANG_WARN_INFINITE_RECURSION = YES;
				CLANG_WARN_INT_CONVERSION = YES;
				CLANG_WARN_NON_LITERAL_NULL_CONVERSION = YES;
				CLANG_WARN_OBJC_IMPLICIT_RETAIN_SELF = YES;
				CLANG_WARN_OBJC_LITERAL_CONVERSION = YES;
				CLANG_WARN_OBJC_ROOT_CLASS = YES_ERROR;
				CLANG_WARN_RANGE_LOOP_ANALYSIS = YES;
				CLANG_WARN_STRICT_PROTOTYPES = YES;
				CLANG_WARN_SUSPICIOUS_MOVE = YES;
				CLANG_WARN_UNGUARDED_AVAILABILITY = YES_AGGRESSIVE;
				CLANG_WARN_UNREACHABLE_CODE = YES;
				CLANG_WARN__DUPLICATE_METHOD_MATCH = YES;
				COPY_PHASE_STRIP = NO;
				DEBUG_INFORMATION_FORMAT = dwarf;
				ENABLE_STRICT_OBJC_MSGSEND = YES;
				ENABLE_TESTABILITY = YES;
				GCC_C_LANGUAGE_STANDARD = gnu11;
				GCC_DYNAMIC_NO_PIC = NO;
				GCC_NO_COMMON_BLOCKS = YES;
				GCC_OPTIMIZATION_LEVEL = 0;
				GCC_PREPROCESSOR_DEFINITIONS = (
					"DEBUG=1",
					"$(inherited)",
				);
				GCC_WARN_64_TO_32_BIT_CONVERSION = YES;
				GCC_WARN_ABOUT_RETURN_TYPE = YES_ERROR;
				GCC_WARN_UNDECLARED_SELECTOR = YES;
				GCC_WARN_UNINITIALIZED_AUTOS = YES_AGGRESSIVE;
				GCC_WARN_UNUSED_FUNCTION = YES;
				GCC_WARN_UNUSED_VARIABLE = YES;
				IPHONEOS_DEPLOYMENT_TARGET = 13.5;
				MTL_ENABLE_DEBUG_INFO = INCLUDE_SOURCE;
				MTL_FAST_MATH = YES;
				ONLY_ACTIVE_ARCH = YES;
				SDKROOT = iphoneos;
			};
			name = Debug;
		};
		D43694F024B4EE4600902846 /* Release */ = {
			isa = XCBuildConfiguration;
			buildSettings = {
				ALWAYS_SEARCH_USER_PATHS = NO;
				CLANG_ANALYZER_NONNULL = YES;
				CLANG_ANALYZER_NUMBER_OBJECT_CONVERSION = YES_AGGRESSIVE;
				CLANG_CXX_LANGUAGE_STANDARD = "gnu++14";
				CLANG_CXX_LIBRARY = "libc++";
				CLANG_ENABLE_MODULES = YES;
				CLANG_ENABLE_OBJC_ARC = YES;
				CLANG_ENABLE_OBJC_WEAK = YES;
				CLANG_WARN_BLOCK_CAPTURE_AUTORELEASING = YES;
				CLANG_WARN_BOOL_CONVERSION = YES;
				CLANG_WARN_COMMA = YES;
				CLANG_WARN_CONSTANT_CONVERSION = YES;
				CLANG_WARN_DEPRECATED_OBJC_IMPLEMENTATIONS = YES;
				CLANG_WARN_DIRECT_OBJC_ISA_USAGE = YES_ERROR;
				CLANG_WARN_DOCUMENTATION_COMMENTS = YES;
				CLANG_WARN_EMPTY_BODY = YES;
				CLANG_WARN_ENUM_CONVERSION = YES;
				CLANG_WARN_INFINITE_RECURSION = YES;
				CLANG_WARN_INT_CONVERSION = YES;
				CLANG_WARN_NON_LITERAL_NULL_CONVERSION = YES;
				CLANG_WARN_OBJC_IMPLICIT_RETAIN_SELF = YES;
				CLANG_WARN_OBJC_LITERAL_CONVERSION = YES;
				CLANG_WARN_OBJC_ROOT_CLASS = YES_ERROR;
				CLANG_WARN_RANGE_LOOP_ANALYSIS = YES;
				CLANG_WARN_STRICT_PROTOTYPES = YES;
				CLANG_WARN_SUSPICIOUS_MOVE = YES;
				CLANG_WARN_UNGUARDED_AVAILABILITY = YES_AGGRESSIVE;
				CLANG_WARN_UNREACHABLE_CODE = YES;
				CLANG_WARN__DUPLICATE_METHOD_MATCH = YES;
				COPY_PHASE_STRIP = NO;
				DEBUG_INFORMATION_FORMAT = "dwarf-with-dsym";
				ENABLE_NS_ASSERTIONS = NO;
				ENABLE_STRICT_OBJC_MSGSEND = YES;
				GCC_C_LANGUAGE_STANDARD = gnu11;
				GCC_NO_COMMON_BLOCKS = YES;
				GCC_WARN_64_TO_32_BIT_CONVERSION = YES;
				GCC_WARN_ABOUT_RETURN_TYPE = YES_ERROR;
				GCC_WARN_UNDECLARED_SELECTOR = YES;
				GCC_WARN_UNINITIALIZED_AUTOS = YES_AGGRESSIVE;
				GCC_WARN_UNUSED_FUNCTION = YES;
				GCC_WARN_UNUSED_VARIABLE = YES;
				IPHONEOS_DEPLOYMENT_TARGET = 13.5;
				MTL_ENABLE_DEBUG_INFO = NO;
				MTL_FAST_MATH = YES;
				SDKROOT = iphoneos;
				VALIDATE_PRODUCT = YES;
			};
			name = Release;
		};
		D43694F224B4EE4600902846 /* Debug */ = {
			isa = XCBuildConfiguration;
			baseConfigurationReference = B54D68FD9633CEFCEB33D2F7 /* Pods-HappyMail.debug.xcconfig */;
			buildSettings = {
				ASSETCATALOG_COMPILER_APPICON_NAME = AppIcon;
				CODE_SIGN_STYLE = Automatic;
				DEVELOPMENT_TEAM = 7ZHC9LK6JK;
				INFOPLIST_FILE = HappyMail/Info.plist;
				LD_RUNPATH_SEARCH_PATHS = (
					"$(inherited)",
					"@executable_path/Frameworks",
				);
				PRODUCT_BUNDLE_IDENTIFIER = com.mercycat.HappyMail;
				PRODUCT_NAME = "$(TARGET_NAME)";
				TARGETED_DEVICE_FAMILY = "1,2";
			};
			name = Debug;
		};
		D43694F324B4EE4600902846 /* Release */ = {
			isa = XCBuildConfiguration;
			baseConfigurationReference = 67962D09FD78B0D42A5CB34B /* Pods-HappyMail.release.xcconfig */;
			buildSettings = {
				ASSETCATALOG_COMPILER_APPICON_NAME = AppIcon;
				CODE_SIGN_STYLE = Automatic;
				DEVELOPMENT_TEAM = 7ZHC9LK6JK;
				INFOPLIST_FILE = HappyMail/Info.plist;
				LD_RUNPATH_SEARCH_PATHS = (
					"$(inherited)",
					"@executable_path/Frameworks",
				);
				PRODUCT_BUNDLE_IDENTIFIER = com.mercycat.HappyMail;
				PRODUCT_NAME = "$(TARGET_NAME)";
				TARGETED_DEVICE_FAMILY = "1,2";
			};
			name = Release;
		};
		D43694F524B4EE4600902846 /* Debug */ = {
			isa = XCBuildConfiguration;
			baseConfigurationReference = 21B69FED802B0E9F3DC3F1CE /* Pods-HappyMailTests.debug.xcconfig */;
			buildSettings = {
				BUNDLE_LOADER = "$(TEST_HOST)";
				CODE_SIGN_STYLE = Automatic;
				DEVELOPMENT_TEAM = 7ZHC9LK6JK;
				INFOPLIST_FILE = HappyMailTests/Info.plist;
				IPHONEOS_DEPLOYMENT_TARGET = 13.5;
				LD_RUNPATH_SEARCH_PATHS = (
					"$(inherited)",
					"@executable_path/Frameworks",
					"@loader_path/Frameworks",
				);
				PRODUCT_BUNDLE_IDENTIFIER = com.mercycat.HappyMailTests;
				PRODUCT_NAME = "$(TARGET_NAME)";
				TARGETED_DEVICE_FAMILY = "1,2";
				TEST_HOST = "$(BUILT_PRODUCTS_DIR)/HappyMail.app/HappyMail";
			};
			name = Debug;
		};
		D43694F624B4EE4600902846 /* Release */ = {
			isa = XCBuildConfiguration;
			baseConfigurationReference = AB42FB979C7C007EBCD14B71 /* Pods-HappyMailTests.release.xcconfig */;
			buildSettings = {
				BUNDLE_LOADER = "$(TEST_HOST)";
				CODE_SIGN_STYLE = Automatic;
				DEVELOPMENT_TEAM = 7ZHC9LK6JK;
				INFOPLIST_FILE = HappyMailTests/Info.plist;
				IPHONEOS_DEPLOYMENT_TARGET = 13.5;
				LD_RUNPATH_SEARCH_PATHS = (
					"$(inherited)",
					"@executable_path/Frameworks",
					"@loader_path/Frameworks",
				);
				PRODUCT_BUNDLE_IDENTIFIER = com.mercycat.HappyMailTests;
				PRODUCT_NAME = "$(TARGET_NAME)";
				TARGETED_DEVICE_FAMILY = "1,2";
				TEST_HOST = "$(BUILT_PRODUCTS_DIR)/HappyMail.app/HappyMail";
			};
			name = Release;
		};
		D43694F824B4EE4600902846 /* Debug */ = {
			isa = XCBuildConfiguration;
			baseConfigurationReference = A9D2A1CFE27FBDBFC4017B38 /* Pods-HappyMail-HappyMailUITests.debug.xcconfig */;
			buildSettings = {
				CODE_SIGN_STYLE = Automatic;
				DEVELOPMENT_TEAM = 7ZHC9LK6JK;
				INFOPLIST_FILE = HappyMailUITests/Info.plist;
				LD_RUNPATH_SEARCH_PATHS = (
					"$(inherited)",
					"@executable_path/Frameworks",
					"@loader_path/Frameworks",
				);
				PRODUCT_BUNDLE_IDENTIFIER = com.mercycat.HappyMailUITests;
				PRODUCT_NAME = "$(TARGET_NAME)";
				TARGETED_DEVICE_FAMILY = "1,2";
				TEST_TARGET_NAME = HappyMail;
			};
			name = Debug;
		};
		D43694F924B4EE4600902846 /* Release */ = {
			isa = XCBuildConfiguration;
			baseConfigurationReference = D8244E430033D6A013A9F893 /* Pods-HappyMail-HappyMailUITests.release.xcconfig */;
			buildSettings = {
				CODE_SIGN_STYLE = Automatic;
				DEVELOPMENT_TEAM = 7ZHC9LK6JK;
				INFOPLIST_FILE = HappyMailUITests/Info.plist;
				LD_RUNPATH_SEARCH_PATHS = (
					"$(inherited)",
					"@executable_path/Frameworks",
					"@loader_path/Frameworks",
				);
				PRODUCT_BUNDLE_IDENTIFIER = com.mercycat.HappyMailUITests;
				PRODUCT_NAME = "$(TARGET_NAME)";
				TARGETED_DEVICE_FAMILY = "1,2";
				TEST_TARGET_NAME = HappyMail;
			};
			name = Release;
		};
/* End XCBuildConfiguration section */

/* Begin XCConfigurationList section */
		D43694BD24B4EE4200902846 /* Build configuration list for PBXProject "HappyMail" */ = {
			isa = XCConfigurationList;
			buildConfigurations = (
				D43694EF24B4EE4600902846 /* Debug */,
				D43694F024B4EE4600902846 /* Release */,
			);
			defaultConfigurationIsVisible = 0;
			defaultConfigurationName = Release;
		};
		D43694F124B4EE4600902846 /* Build configuration list for PBXNativeTarget "HappyMail" */ = {
			isa = XCConfigurationList;
			buildConfigurations = (
				D43694F224B4EE4600902846 /* Debug */,
				D43694F324B4EE4600902846 /* Release */,
			);
			defaultConfigurationIsVisible = 0;
			defaultConfigurationName = Release;
		};
		D43694F424B4EE4600902846 /* Build configuration list for PBXNativeTarget "HappyMailTests" */ = {
			isa = XCConfigurationList;
			buildConfigurations = (
				D43694F524B4EE4600902846 /* Debug */,
				D43694F624B4EE4600902846 /* Release */,
			);
			defaultConfigurationIsVisible = 0;
			defaultConfigurationName = Release;
		};
		D43694F724B4EE4600902846 /* Build configuration list for PBXNativeTarget "HappyMailUITests" */ = {
			isa = XCConfigurationList;
			buildConfigurations = (
				D43694F824B4EE4600902846 /* Debug */,
				D43694F924B4EE4600902846 /* Release */,
			);
			defaultConfigurationIsVisible = 0;
			defaultConfigurationName = Release;
		};
/* End XCConfigurationList section */
	};
	rootObject = D43694BA24B4EE4200902846 /* Project object */;
}
